<?xml version="1.0" encoding="utf-8"?>
<Project ToolsVersion="4.0" xmlns="http://schemas.microsoft.com/developer/msbuild/2003">
  <ItemGroup>
    <Filter Include="Source Files">
      <UniqueIdentifier>{4FC737F1-C7A5-4376-A066-2A32D752A2FF}</UniqueIdentifier>
      <Extensions>cpp;c;cc;cxx;def;odl;idl;hpj;bat;asm;asmx</Extensions>
    </Filter>
    <Filter Include="Header Files">
      <UniqueIdentifier>{93995380-89BD-4b04-88EB-625FBE52EBFB}</UniqueIdentifier>
      <Extensions>h;hh;hpp;hxx;hm;inl;inc;xsd</Extensions>
    </Filter>
    <Filter Include="Header Files\Globals and defs">
      <UniqueIdentifier>{caa261d3-d22a-4861-a4b4-24dee61c5230}</UniqueIdentifier>
    </Filter>
  </ItemGroup>
  <ItemGroup>
    <ClInclude Include="__vm\.ATS_EX.vsarduino.h">
      <Filter>Header Files</Filter>
    </ClInclude>
    <ClInclude Include="patch_ssb_compressed.h">
      <Filter>Header Files</Filter>
    </ClInclude>
    <ClInclude Include="Rotary.h">
      <Filter>Header Files</Filter>
    </ClInclude>
    <ClInclude Include="SimpleButton.h">
      <Filter>Header Files</Filter>
    </ClInclude>
    <ClInclude Include="font14x24sevenSeg.h">
      <Filter>Header Files</Filter>
    </ClInclude>
    <ClInclude Include="defs.h">
      <Filter>Header Files\Globals and defs</Filter>
    </ClInclude>
    <ClInclude Include="Utils.h">
      <Filter>Header Files\Globals and defs</Filter>
    </ClInclude>
    <ClInclude Include="globals.h">
      <Filter>Header Files\Globals and defs</Filter>
    </ClInclude>
  </ItemGroup>
  <ItemGroup>
    <ClCompile Include="ATS_EX.ino">
      <Filter>Source Files</Filter>
    </ClCompile>
    <ClCompile Include="SimpleButton.cpp">
      <Filter>Source Files</Filter>
    </ClCompile>
    <ClCompile Include="Rotary.cpp">
      <Filter>Source Files</Filter>
    </ClCompile>
  </ItemGroup>
</Project>